
Microsoft Visual Studio Solution File, Format Version 12.00
# Visual Studio 15
VisualStudioVersion = 15.0.27703.2042
MinimumVisualStudioVersion = 10.0.40219.1
Project("{FAE04EC0-301F-11D3-BF4B-00C04F79EFBC}") = "HTMLReporterRelease", "HTMLReporterRelease\HTMLReporterRelease.csproj", "{A14BC7DC-1289-466C-8914-4BC5F9050FC4}"
EndProject
Project("{54435603-DBB4-11D2-8724-00A0C9A8B90C}") = "Setup1", "Setup1\Setup1.vdproj", "{695CC7F9-520F-4BB4-BCC9-34E1EE265258}"
EndProject
Global
	GlobalSection(SolutionConfigurationPlatforms) = preSolution
		Debug|Any CPU = Debug|Any CPU
		Release|Any CPU = Release|Any CPU
	EndGlobalSection
	GlobalSection(ProjectConfigurationPlatforms) = postSolution
		{A14BC7DC-1289-466C-8914-4BC5F9050FC4}.Debug|Any CPU.ActiveCfg = Debug|Any CPU
		{A14BC7DC-1289-466C-8914-4BC5F9050FC4}.Debug|Any CPU.Build.0 = Debug|Any CPU
		{A14BC7DC-1289-466C-8914-4BC5F9050FC4}.Release|Any CPU.ActiveCfg = Release|Any CPU
		{A14BC7DC-1289-466C-8914-4BC5F9050FC4}.Release|Any CPU.Build.0 = Release|Any CPU
		{695CC7F9-520F-4BB4-BCC9-34E1EE265258}.Debug|Any CPU.ActiveCfg = Debug
		{695CC7F9-520F-4BB4-BCC9-34E1EE265258}.Release|Any CPU.ActiveCfg = Release
	EndGlobalSection
	GlobalSection(SolutionProperties) = preSolution
		HideSolutionNode = FALSE
	EndGlobalSection
	GlobalSection(ExtensibilityGlobals) = postSolution
		SolutionGuid = {B5DBDBA3-675C-4CAA-9EB9-93B8DAE2FE04}
	EndGlobalSection
EndGlobal
